{
  "name": "markdownlint-rule-titlecase",
  "version": "0.0.1",
  "lockfileVersion": 1,
  "requires": true,
  "dependencies": {
    "markdownlint-rule-helpers": {
      "version": "0.7.0",
      "resolved": "https://registry.npmjs.org/markdownlint-rule-helpers/-/markdownlint-rule-helpers-0.7.0.tgz",
      "integrity": "sha512-xZByWJNBaCMHo7nYPv/5aO8Jt68YcMvyouFXhuXmJzbqCsQy8rfCj0kYcv22kdK5PwAgMdbHg0hyTdURbUZtJw=="
    },
    "title-case": {
      "version": "3.0.2",
      "resolved": "https://registry.npmjs.org/title-case/-/title-case-3.0.2.tgz",
      "integrity": "sha512-1P5hyjEhJ9Ab0AT8Xbm0z1avwPSgRR6XtFSNCdfo6B7111TTTja+456UZ2ZPkbTbzqBwIpQxp/tazh5UvpJ+fA==",
      "requires": {
        "tslib": "^1.10.0"
      }
    },
    "tslib": {
      "version": "1.11.1",
      "resolved": "https://registry.npmjs.org/tslib/-/tslib-1.11.1.tgz",
      "integrity": "sha512-aZW88SY8kQbU7gpV19lN24LtXh/yD4ZZg6qieAJDDg+YBsJcSmLGK9QpnUjAKVG/xefmvJGd1WUmfpT/g6AJGA=="
    }
  }
}
